
Microsoft Visual Studio Solution File, Format Version 12.00
# Visual Studio Version 16
VisualStudioVersion = 16.0.30406.217
MinimumVisualStudioVersion = 10.0.40219.1
Project("{FAE04EC0-301F-11D3-BF4B-00C04F79EFBC}") = "CryptDetect", "CryptDetect\CryptDetect.csproj", "{58BC3521-2766-40ED-A3EB-8537429B7F7A}"
EndProject
Global
	GlobalSection(SolutionConfigurationPlatforms) = preSolution
		Debug|Any CPU = Debug|Any CPU
		Release|Any CPU = Release|Any CPU
	EndGlobalSection
	GlobalSection(ProjectConfigurationPlatforms) = postSolution
		{58BC3521-2766-40ED-A3EB-8537429B7F7A}.Debug|Any CPU.ActiveCfg = Debug|Any CPU
		{58BC3521-2766-40ED-A3EB-8537429B7F7A}.Debug|Any CPU.Build.0 = Debug|Any CPU
		{58BC3521-2766-40ED-A3EB-8537429B7F7A}.Release|Any CPU.ActiveCfg = Release|Any CPU
		{58BC3521-2766-40ED-A3EB-8537429B7F7A}.Release|Any CPU.Build.0 = Release|Any CPU
	EndGlobalSection
	GlobalSection(SolutionProperties) = preSolution
		HideSolutionNode = FALSE
	EndGlobalSection
	GlobalSection(ExtensibilityGlobals) = postSolution
		SolutionGuid = {2B3101EC-F735-4ED3-9ADA-8278A361D185}
	EndGlobalSection
EndGlobal
